
Microsoft Visual Studio Solution File, Format Version 12.00
# Visual Studio Version 17
VisualStudioVersion = 17.7.34009.444
MinimumVisualStudioVersion = 10.0.40219.1
Project("{8BC9CEB8-8B4A-11D0-8D11-00A0C91BC942}") = "ffmpeg_hello_world", "ffmpeg_study\ffmpeg_study.vcxproj", "{89D93764-6577-4062-AD8D-5FC8232E9135}"
EndProject
Project("{8BC9CEB8-8B4A-11D0-8D11-00A0C91BC942}") = "ffmpeg_sample_decoder", "ffmpeg_sample_decoder\ffmpeg_sample_decoder.vcxproj", "{F76F0F23-FE47-4B82-ABB7-4BAF080C7392}"
EndProject
Project("{8BC9CEB8-8B4A-11D0-8D11-00A0C91BC942}") = "ffmpeg_sample_encoder", "ffmpeg_sample_encoder\ffmpeg_sample_encoder.vcxproj", "{5BCAC08D-02B0-4284-89A7-3E83FF2EFDC7}"
EndProject
Global
	GlobalSection(SolutionConfigurationPlatforms) = preSolution
		Debug|x64 = Debug|x64
		Debug|x86 = Debug|x86
		Release|x64 = Release|x64
		Release|x86 = Release|x86
	EndGlobalSection
	GlobalSection(ProjectConfigurationPlatforms) = postSolution
		{89D93764-6577-4062-AD8D-5FC8232E9135}.Debug|x64.ActiveCfg = Debug|x64
		{89D93764-6577-4062-AD8D-5FC8232E9135}.Debug|x64.Build.0 = Debug|x64
		{89D93764-6577-4062-AD8D-5FC8232E9135}.Debug|x86.ActiveCfg = Debug|Win32
		{89D93764-6577-4062-AD8D-5FC8232E9135}.Debug|x86.Build.0 = Debug|Win32
		{89D93764-6577-4062-AD8D-5FC8232E9135}.Release|x64.ActiveCfg = Release|x64
		{89D93764-6577-4062-AD8D-5FC8232E9135}.Release|x64.Build.0 = Release|x64
		{89D93764-6577-4062-AD8D-5FC8232E9135}.Release|x86.ActiveCfg = Release|Win32
		{89D93764-6577-4062-AD8D-5FC8232E9135}.Release|x86.Build.0 = Release|Win32
		{F76F0F23-FE47-4B82-ABB7-4BAF080C7392}.Debug|x64.ActiveCfg = Debug|x64
		{F76F0F23-FE47-4B82-ABB7-4BAF080C7392}.Debug|x64.Build.0 = Debug|x64
		{F76F0F23-FE47-4B82-ABB7-4BAF080C7392}.Debug|x86.ActiveCfg = Debug|Win32
		{F76F0F23-FE47-4B82-ABB7-4BAF080C7392}.Debug|x86.Build.0 = Debug|Win32
		{F76F0F23-FE47-4B82-ABB7-4BAF080C7392}.Release|x64.ActiveCfg = Release|x64
		{F76F0F23-FE47-4B82-ABB7-4BAF080C7392}.Release|x64.Build.0 = Release|x64
		{F76F0F23-FE47-4B82-ABB7-4BAF080C7392}.Release|x86.ActiveCfg = Release|Win32
		{F76F0F23-FE47-4B82-ABB7-4BAF080C7392}.Release|x86.Build.0 = Release|Win32
		{5BCAC08D-02B0-4284-89A7-3E83FF2EFDC7}.Debug|x64.ActiveCfg = Debug|x64
		{5BCAC08D-02B0-4284-89A7-3E83FF2EFDC7}.Debug|x64.Build.0 = Debug|x64
		{5BCAC08D-02B0-4284-89A7-3E83FF2EFDC7}.Debug|x86.ActiveCfg = Debug|Win32
		{5BCAC08D-02B0-4284-89A7-3E83FF2EFDC7}.Debug|x86.Build.0 = Debug|Win32
		{5BCAC08D-02B0-4284-89A7-3E83FF2EFDC7}.Release|x64.ActiveCfg = Release|x64
		{5BCAC08D-02B0-4284-89A7-3E83FF2EFDC7}.Release|x64.Build.0 = Release|x64
		{5BCAC08D-02B0-4284-89A7-3E83FF2EFDC7}.Release|x86.ActiveCfg = Release|Win32
		{5BCAC08D-02B0-4284-89A7-3E83FF2EFDC7}.Release|x86.Build.0 = Release|Win32
	EndGlobalSection
	GlobalSection(SolutionProperties) = preSolution
		HideSolutionNode = FALSE
	EndGlobalSection
	GlobalSection(ExtensibilityGlobals) = postSolution
		SolutionGuid = {B85C3901-D8D9-4860-81BF-3C6DE6916375}
	EndGlobalSection
EndGlobal
